
Microsoft Visual Studio Solution File, Format Version 12.00
# Visual Studio Version 16
VisualStudioVersion = 16.0.29806.167
MinimumVisualStudioVersion = 10.0.40219.1
Project("{FAE04EC0-301F-11D3-BF4B-00C04F79EFBC}") = "Prototipo1PVentas", "Prototipo1PVentas.csproj", "{F2C1EF08-FB47-4C32-ADCC-FACD865D582E}"
EndProject
Global
	GlobalSection(SolutionConfigurationPlatforms) = preSolution
		Debug|Any CPU = Debug|Any CPU
		Release|Any CPU = Release|Any CPU
	EndGlobalSection
	GlobalSection(ProjectConfigurationPlatforms) = postSolution
		{F2C1EF08-FB47-4C32-ADCC-FACD865D582E}.Debug|Any CPU.ActiveCfg = Debug|Any CPU
		{F2C1EF08-FB47-4C32-ADCC-FACD865D582E}.Debug|Any CPU.Build.0 = Debug|Any CPU
		{F2C1EF08-FB47-4C32-ADCC-FACD865D582E}.Release|Any CPU.ActiveCfg = Release|Any CPU
		{F2C1EF08-FB47-4C32-ADCC-FACD865D582E}.Release|Any CPU.Build.0 = Release|Any CPU
	EndGlobalSection
	GlobalSection(SolutionProperties) = preSolution
		HideSolutionNode = FALSE
	EndGlobalSection
	GlobalSection(ExtensibilityGlobals) = postSolution
		SolutionGuid = {9E02B1A9-F47D-4363-BBBA-442C66BA1B12}
	EndGlobalSection
EndGlobal
