
Microsoft Visual Studio Solution File, Format Version 12.00
# Visual Studio Version 16
VisualStudioVersion = 16.0.29806.167
MinimumVisualStudioVersion = 10.0.40219.1
Project("{FAE04EC0-301F-11D3-BF4B-00C04F79EFBC}") = "Prototipo1p", "Prototipo1p.csproj", "{5D1285EE-716B-47A2-98E3-36663F5EEDD1}"
EndProject
Global
	GlobalSection(SolutionConfigurationPlatforms) = preSolution
		Debug|Any CPU = Debug|Any CPU
		Release|Any CPU = Release|Any CPU
	EndGlobalSection
	GlobalSection(ProjectConfigurationPlatforms) = postSolution
		{5D1285EE-716B-47A2-98E3-36663F5EEDD1}.Debug|Any CPU.ActiveCfg = Debug|Any CPU
		{5D1285EE-716B-47A2-98E3-36663F5EEDD1}.Debug|Any CPU.Build.0 = Debug|Any CPU
		{5D1285EE-716B-47A2-98E3-36663F5EEDD1}.Release|Any CPU.ActiveCfg = Release|Any CPU
		{5D1285EE-716B-47A2-98E3-36663F5EEDD1}.Release|Any CPU.Build.0 = Release|Any CPU
	EndGlobalSection
	GlobalSection(SolutionProperties) = preSolution
		HideSolutionNode = FALSE
	EndGlobalSection
	GlobalSection(ExtensibilityGlobals) = postSolution
		SolutionGuid = {B3546D5C-DBB1-41D2-B791-0049D15209C4}
	EndGlobalSection
EndGlobal
